
Microsoft Visual Studio Solution File, Format Version 12.00
# Visual Studio Version 17
VisualStudioVersion = 17.7.34031.279
MinimumVisualStudioVersion = 10.0.40219.1
Project("{FAE04EC0-301F-11D3-BF4B-00C04F79EFBC}") = "Lab6Sh", "Lab6Sh1\Lab6Sh.csproj", "{CAF0B0DD-E637-4FCA-BB54-2BF800669350}"
EndProject
Global
	GlobalSection(SolutionConfigurationPlatforms) = preSolution
		Debug|Any CPU = Debug|Any CPU
		Release|Any CPU = Release|Any CPU
	EndGlobalSection
	GlobalSection(ProjectConfigurationPlatforms) = postSolution
		{CAF0B0DD-E637-4FCA-BB54-2BF800669350}.Debug|Any CPU.ActiveCfg = Debug|Any CPU
		{CAF0B0DD-E637-4FCA-BB54-2BF800669350}.Debug|Any CPU.Build.0 = Debug|Any CPU
		{CAF0B0DD-E637-4FCA-BB54-2BF800669350}.Release|Any CPU.ActiveCfg = Release|Any CPU
		{CAF0B0DD-E637-4FCA-BB54-2BF800669350}.Release|Any CPU.Build.0 = Release|Any CPU
	EndGlobalSection
	GlobalSection(SolutionProperties) = preSolution
		HideSolutionNode = FALSE
	EndGlobalSection
	GlobalSection(ExtensibilityGlobals) = postSolution
		SolutionGuid = {C98CF69E-4069-4AC0-ABC7-A0AF41727705}
	EndGlobalSection
EndGlobal
